
Microsoft Visual Studio Solution File, Format Version 12.00
# Visual Studio Version 16
VisualStudioVersion = 16.0.30523.141
MinimumVisualStudioVersion = 10.0.40219.1
Project("{9A19103F-16F7-4668-BE54-9A1E7A4F7556}") = "NUnitTest", "NUnitTest\NUnitTest.csproj", "{9FCAF2CD-8BBE-42F8-9F84-43B496EB97E7}"
EndProject
Project("{9A19103F-16F7-4668-BE54-9A1E7A4F7556}") = "Pattern.Creational", "Pattern.Creational\Pattern.Creational.csproj", "{DA7FEDAE-2471-45B6-9DB6-354539DDC0BE}"
EndProject
Project("{9A19103F-16F7-4668-BE54-9A1E7A4F7556}") = "Pattern.Domain", "Pattern.Domain\Pattern.Domain.csproj", "{C3AF8E7F-8249-4E7F-A946-D36386E5EBBE}"
EndProject
Project("{9A19103F-16F7-4668-BE54-9A1E7A4F7556}") = "Pattern.Structural", "Pattern.Structural\Pattern.Structural.csproj", "{0641025C-B2CE-45C6-8FE4-403F1E781E2F}"
EndProject
Project("{2150E333-8FDC-42A3-9474-1A3956D46DE8}") = "Solution Items", "Solution Items", "{9197B9BA-D834-4825-A91C-7018624A5795}"
	ProjectSection(SolutionItems) = preProject
		NOTES.md = NOTES.md
		README.md = README.md
	EndProjectSection
EndProject
Global
	GlobalSection(SolutionConfigurationPlatforms) = preSolution
		Debug|Any CPU = Debug|Any CPU
		Release|Any CPU = Release|Any CPU
	EndGlobalSection
	GlobalSection(ProjectConfigurationPlatforms) = postSolution
		{9FCAF2CD-8BBE-42F8-9F84-43B496EB97E7}.Debug|Any CPU.ActiveCfg = Debug|Any CPU
		{9FCAF2CD-8BBE-42F8-9F84-43B496EB97E7}.Debug|Any CPU.Build.0 = Debug|Any CPU
		{9FCAF2CD-8BBE-42F8-9F84-43B496EB97E7}.Release|Any CPU.ActiveCfg = Release|Any CPU
		{9FCAF2CD-8BBE-42F8-9F84-43B496EB97E7}.Release|Any CPU.Build.0 = Release|Any CPU
		{DA7FEDAE-2471-45B6-9DB6-354539DDC0BE}.Debug|Any CPU.ActiveCfg = Debug|Any CPU
		{DA7FEDAE-2471-45B6-9DB6-354539DDC0BE}.Debug|Any CPU.Build.0 = Debug|Any CPU
		{DA7FEDAE-2471-45B6-9DB6-354539DDC0BE}.Release|Any CPU.ActiveCfg = Release|Any CPU
		{DA7FEDAE-2471-45B6-9DB6-354539DDC0BE}.Release|Any CPU.Build.0 = Release|Any CPU
		{C3AF8E7F-8249-4E7F-A946-D36386E5EBBE}.Debug|Any CPU.ActiveCfg = Debug|Any CPU
		{C3AF8E7F-8249-4E7F-A946-D36386E5EBBE}.Debug|Any CPU.Build.0 = Debug|Any CPU
		{C3AF8E7F-8249-4E7F-A946-D36386E5EBBE}.Release|Any CPU.ActiveCfg = Release|Any CPU
		{C3AF8E7F-8249-4E7F-A946-D36386E5EBBE}.Release|Any CPU.Build.0 = Release|Any CPU
		{0641025C-B2CE-45C6-8FE4-403F1E781E2F}.Debug|Any CPU.ActiveCfg = Debug|Any CPU
		{0641025C-B2CE-45C6-8FE4-403F1E781E2F}.Debug|Any CPU.Build.0 = Debug|Any CPU
		{0641025C-B2CE-45C6-8FE4-403F1E781E2F}.Release|Any CPU.ActiveCfg = Release|Any CPU
		{0641025C-B2CE-45C6-8FE4-403F1E781E2F}.Release|Any CPU.Build.0 = Release|Any CPU
	EndGlobalSection
	GlobalSection(SolutionProperties) = preSolution
		HideSolutionNode = FALSE
	EndGlobalSection
	GlobalSection(ExtensibilityGlobals) = postSolution
		SolutionGuid = {E932E351-C2AA-45AA-9FB5-405D9B78452F}
	EndGlobalSection
EndGlobal
